
Microsoft Visual Studio Solution File, Format Version 12.00
# Visual Studio Version 16
VisualStudioVersion = 16.0.810.5
MinimumVisualStudioVersion = 10.0.40219.1
Project("{FAE04EC0-301F-11D3-BF4B-00C04F79EFBC}") = "ProgLab2", "ProgLab2\ProgLab2.csproj", "{88DF785E-337B-47A4-9307-74FE10245687}"
EndProject
Global
	GlobalSection(SolutionConfigurationPlatforms) = preSolution
		Debug|Any CPU = Debug|Any CPU
		Release|Any CPU = Release|Any CPU
	EndGlobalSection
	GlobalSection(ProjectConfigurationPlatforms) = postSolution
		{88DF785E-337B-47A4-9307-74FE10245687}.Debug|Any CPU.ActiveCfg = Debug|Any CPU
		{88DF785E-337B-47A4-9307-74FE10245687}.Debug|Any CPU.Build.0 = Debug|Any CPU
		{88DF785E-337B-47A4-9307-74FE10245687}.Release|Any CPU.ActiveCfg = Release|Any CPU
		{88DF785E-337B-47A4-9307-74FE10245687}.Release|Any CPU.Build.0 = Release|Any CPU
	EndGlobalSection
	GlobalSection(SolutionProperties) = preSolution
		HideSolutionNode = FALSE
	EndGlobalSection
	GlobalSection(ExtensibilityGlobals) = postSolution
		SolutionGuid = {68117B8E-74EB-4461-8158-F0EE8AFE0D2B}
	EndGlobalSection
EndGlobal
